// !$*UTF8*$!
{
	archiveVersion = 1;
	classes = {
	};
	objectVersion = 46;
	objects = {

/* Begin PBXBuildFile section */
		2912532018703BA3001A77C6 /* marathon.gpx in Resources */ = {isa = PBXBuildFile; fileRef = 2912531F18703BA3001A77C6 /* marathon.gpx */; };
		2917E8F61868052900A46AD7 /* SettingsViewController.m in Sources */ = {isa = PBXBuildFile; fileRef = 2917E8F51868052900A46AD7 /* SettingsViewController.m */; };
		2917E94E1869291E00A46AD7 /* GeofenceViewController.m in Sources */ = {isa = PBXBuildFile; fileRef = 2917E94D1869291E00A46AD7 /* GeofenceViewController.m */; };
		2917E9511869689100A46AD7 /* Place.m in Sources */ = {isa = PBXBuildFile; fileRef = 2917E9501869689100A46AD7 /* Place.m */; };
		2917E95718696E1700A46AD7 /* Bar.png in Resources */ = {isa = PBXBuildFile; fileRef = 2917E95218696E1700A46AD7 /* Bar.png */; };
		2917E95818696E1700A46AD7 /* Home.png in Resources */ = {isa = PBXBuildFile; fileRef = 2917E95318696E1700A46AD7 /* Home.png */; };
		2917E95918696E1700A46AD7 /* Other.png in Resources */ = {isa = PBXBuildFile; fileRef = 2917E95418696E1700A46AD7 /* Other.png */; };
		2917E95A18696E1700A46AD7 /* School.png in Resources */ = {isa = PBXBuildFile; fileRef = 2917E95518696E1700A46AD7 /* School.png */; };
		2917E95B18696E1700A46AD7 /* Work.png in Resources */ = {isa = PBXBuildFile; fileRef = 2917E95618696E1700A46AD7 /* Work.png */; };
		2917E95E18697D7600A46AD7 /* PlaceIconViewController.m in Sources */ = {isa = PBXBuildFile; fileRef = 2917E95D18697D7600A46AD7 /* PlaceIconViewController.m */; };
		2917E961186A2F2000A46AD7 /* UIColor+customColours.m in Sources */ = {isa = PBXBuildFile; fileRef = 2917E960186A2F2000A46AD7 /* UIColor+customColours.m */; };
		2917E965186AEA8F00A46AD7 /* MapKit.framework in Frameworks */ = {isa = PBXBuildFile; fileRef = 2917E964186AEA8F00A46AD7 /* MapKit.framework */; };
		293FD5D4186B93C000F2CB61 /* GeofencePlace.m in Sources */ = {isa = PBXBuildFile; fileRef = 293FD5D3186B93C000F2CB61 /* GeofencePlace.m */; };
		293FD5D6186B97C300F2CB61 /* AddressBookUI.framework in Frameworks */ = {isa = PBXBuildFile; fileRef = 293FD5D5186B97C300F2CB61 /* AddressBookUI.framework */; };
		293FD5DF186D585300F2CB61 /* AppKeys.m in Sources */ = {isa = PBXBuildFile; fileRef = 293FD5DE186D585300F2CB61 /* AppKeys.m */; };
		293FD5E4186EB2E900F2CB61 /* CurrentLocation.png in Resources */ = {isa = PBXBuildFile; fileRef = 293FD5E3186EB2E900F2CB61 /* CurrentLocation.png */; };
		2983120C1840480A00F62170 /* Foundation.framework in Frameworks */ = {isa = PBXBuildFile; fileRef = 2983120B1840480A00F62170 /* Foundation.framework */; };
		2983120E1840480A00F62170 /* CoreGraphics.framework in Frameworks */ = {isa = PBXBuildFile; fileRef = 2983120D1840480A00F62170 /* CoreGraphics.framework */; };
		298312101840480A00F62170 /* UIKit.framework in Frameworks */ = {isa = PBXBuildFile; fileRef = 2983120F1840480A00F62170 /* UIKit.framework */; };
		298312161840480A00F62170 /* InfoPlist.strings in Resources */ = {isa = PBXBuildFile; fileRef = 298312141840480A00F62170 /* InfoPlist.strings */; };
		298312181840480A00F62170 /* main.m in Sources */ = {isa = PBXBuildFile; fileRef = 298312171840480A00F62170 /* main.m */; };
		2983121C1840480A00F62170 /* AppDelegate.m in Sources */ = {isa = PBXBuildFile; fileRef = 2983121B1840480A00F62170 /* AppDelegate.m */; };
		2983121F1840480A00F62170 /* Main.storyboard in Resources */ = {isa = PBXBuildFile; fileRef = 2983121D1840480A00F62170 /* Main.storyboard */; };
		298312221840480A00F62170 /* ClockViewController.m in Sources */ = {isa = PBXBuildFile; fileRef = 298312211840480A00F62170 /* ClockViewController.m */; };
		298312241840480A00F62170 /* Images.xcassets in Resources */ = {isa = PBXBuildFile; fileRef = 298312231840480A00F62170 /* Images.xcassets */; };
		2983122C1840480A00F62170 /* Foundation.framework in Frameworks */ = {isa = PBXBuildFile; fileRef = 2983120B1840480A00F62170 /* Foundation.framework */; };
		2983122D1840480A00F62170 /* UIKit.framework in Frameworks */ = {isa = PBXBuildFile; fileRef = 2983120F1840480A00F62170 /* UIKit.framework */; };
		298312351840480A00F62170 /* InfoPlist.strings in Resources */ = {isa = PBXBuildFile; fileRef = 298312331840480A00F62170 /* InfoPlist.strings */; };
		298312371840480A00F62170 /* ClockatorTests.m in Sources */ = {isa = PBXBuildFile; fileRef = 298312361840480A00F62170 /* ClockatorTests.m */; };
		2983124A18404F5200F62170 /* Channel_Slanted1.ttf in Resources */ = {isa = PBXBuildFile; fileRef = 2983124918404F5200F62170 /* Channel_Slanted1.ttf */; };
		2983124B18404F8800F62170 /* Channel_Slanted1.ttf in Resources */ = {isa = PBXBuildFile; fileRef = 2983124918404F5200F62170 /* Channel_Slanted1.ttf */; };
		2983125018405A3B00F62170 /* Location.m in Sources */ = {isa = PBXBuildFile; fileRef = 2983124F18405A3B00F62170 /* Location.m */; };
		2983125218405B4D00F62170 /* libsqlite3.0.dylib in Frameworks */ = {isa = PBXBuildFile; fileRef = 2983125118405B4D00F62170 /* libsqlite3.0.dylib */; };
		2983125418405D7C00F62170 /* Clockator.sqlite in Resources */ = {isa = PBXBuildFile; fileRef = 2983125318405D7C00F62170 /* Clockator.sqlite */; };
		2983125B1840667F00F62170 /* Friend.m in Sources */ = {isa = PBXBuildFile; fileRef = 2983125A1840667F00F62170 /* Friend.m */; };
		2983125E1840820000F62170 /* circle.png in Resources */ = {isa = PBXBuildFile; fileRef = 2983125C1840820000F62170 /* circle.png */; };
		2983125F1840820000F62170 /* hand.png in Resources */ = {isa = PBXBuildFile; fileRef = 2983125D1840820000F62170 /* hand.png */; };
		298312611843210900F62170 /* Parse.framework in Frameworks */ = {isa = PBXBuildFile; fileRef = 298312601843210900F62170 /* Parse.framework */; };
		298312631843215600F62170 /* AudioToolbox.framework in Frameworks */ = {isa = PBXBuildFile; fileRef = 298312621843215600F62170 /* AudioToolbox.framework */; };
		298312651843215B00F62170 /* CFNetwork.framework in Frameworks */ = {isa = PBXBuildFile; fileRef = 298312641843215B00F62170 /* CFNetwork.framework */; };
		298312671843216700F62170 /* CoreLocation.framework in Frameworks */ = {isa = PBXBuildFile; fileRef = 298312661843216700F62170 /* CoreLocation.framework */; };
		298312691843216E00F62170 /* libz.1.1.3.dylib in Frameworks */ = {isa = PBXBuildFile; fileRef = 298312681843216E00F62170 /* libz.1.1.3.dylib */; };
		2983126B1843217400F62170 /* MobileCoreServices.framework in Frameworks */ = {isa = PBXBuildFile; fileRef = 2983126A1843217400F62170 /* MobileCoreServices.framework */; };
		2983126D1843217A00F62170 /* QuartzCore.framework in Frameworks */ = {isa = PBXBuildFile; fileRef = 2983126C1843217A00F62170 /* QuartzCore.framework */; };
		2983126F1843217F00F62170 /* Security.framework in Frameworks */ = {isa = PBXBuildFile; fileRef = 2983126E1843217F00F62170 /* Security.framework */; };
		298312711843218400F62170 /* StoreKit.framework in Frameworks */ = {isa = PBXBuildFile; fileRef = 298312701843218400F62170 /* StoreKit.framework */; };
		298312731843218C00F62170 /* SystemConfiguration.framework in Frameworks */ = {isa = PBXBuildFile; fileRef = 298312721843218C00F62170 /* SystemConfiguration.framework */; };
		29831275184439E900F62170 /* FacebookSDK.framework in Frameworks */ = {isa = PBXBuildFile; fileRef = 29831274184439E900F62170 /* FacebookSDK.framework */; };
		2983129B184441D600F62170 /* libz.dylib in Frameworks */ = {isa = PBXBuildFile; fileRef = 2983129A184441D600F62170 /* libz.dylib */; };
		29921BCB18662B1600443362 /* FBFindFriendsController.m in Sources */ = {isa = PBXBuildFile; fileRef = 29921BCA18662B1600443362 /* FBFindFriendsController.m */; };
		29B8F34918717A690066950A /* LoginViewController.m in Sources */ = {isa = PBXBuildFile; fileRef = 29B8F34818717A690066950A /* LoginViewController.m */; };
		29B8F34C18717A7C0066950A /* UserInfoViewController.m in Sources */ = {isa = PBXBuildFile; fileRef = 29B8F34B18717A7C0066950A /* UserInfoViewController.m */; };
/* End PBXBuildFile section */

/* Begin PBXContainerItemProxy section */
		2983122E1840480A00F62170 /* PBXContainerItemProxy */ = {
			isa = PBXContainerItemProxy;
			containerPortal = 298312001840480A00F62170 /* Project object */;
			proxyType = 1;
			remoteGlobalIDString = 298312071840480A00F62170;
			remoteInfo = Clockator;
		};
/* End PBXContainerItemProxy section */

/* Begin PBXFileReference section */
		2912531F18703BA3001A77C6 /* marathon.gpx */ = {isa = PBXFileReference; fileEncoding = 4; lastKnownFileType = text; name = marathon.gpx; path = ../marathon.gpx; sourceTree = "<group>"; };
		2917E8F41868052900A46AD7 /* SettingsViewController.h */ = {isa = PBXFileReference; fileEncoding = 4; lastKnownFileType = sourcecode.c.h; path = SettingsViewController.h; sourceTree = "<group>"; };
		2917E8F51868052900A46AD7 /* SettingsViewController.m */ = {isa = PBXFileReference; fileEncoding = 4; lastKnownFileType = sourcecode.c.objc; path = SettingsViewController.m; sourceTree = "<group>"; };
		2917E94C1869291E00A46AD7 /* GeofenceViewController.h */ = {isa = PBXFileReference; fileEncoding = 4; lastKnownFileType = sourcecode.c.h; path = GeofenceViewController.h; sourceTree = "<group>"; };
		2917E94D1869291E00A46AD7 /* GeofenceViewController.m */ = {isa = PBXFileReference; fileEncoding = 4; lastKnownFileType = sourcecode.c.objc; path = GeofenceViewController.m; sourceTree = "<group>"; };
		2917E94F1869689100A46AD7 /* Place.h */ = {isa = PBXFileReference; fileEncoding = 4; lastKnownFileType = sourcecode.c.h; path = Place.h; sourceTree = "<group>"; };
		2917E9501869689100A46AD7 /* Place.m */ = {isa = PBXFileReference; fileEncoding = 4; lastKnownFileType = sourcecode.c.objc; path = Place.m; sourceTree = "<group>"; };
		2917E95218696E1700A46AD7 /* Bar.png */ = {isa = PBXFileReference; lastKnownFileType = image.png; name = Bar.png; path = Graphics/Bar.png; sourceTree = "<group>"; };
		2917E95318696E1700A46AD7 /* Home.png */ = {isa = PBXFileReference; lastKnownFileType = image.png; name = Home.png; path = Graphics/Home.png; sourceTree = "<group>"; };
		2917E95418696E1700A46AD7 /* Other.png */ = {isa = PBXFileReference; lastKnownFileType = image.png; name = Other.png; path = Graphics/Other.png; sourceTree = "<group>"; };
		2917E95518696E1700A46AD7 /* School.png */ = {isa = PBXFileReference; lastKnownFileType = image.png; name = School.png; path = Graphics/School.png; sourceTree = "<group>"; };
		2917E95618696E1700A46AD7 /* Work.png */ = {isa = PBXFileReference; lastKnownFileType = image.png; name = Work.png; path = Graphics/Work.png; sourceTree = "<group>"; };
		2917E95C18697D7600A46AD7 /* PlaceIconViewController.h */ = {isa = PBXFileReference; fileEncoding = 4; lastKnownFileType = sourcecode.c.h; path = PlaceIconViewController.h; sourceTree = "<group>"; };
		2917E95D18697D7600A46AD7 /* PlaceIconViewController.m */ = {isa = PBXFileReference; fileEncoding = 4; lastKnownFileType = sourcecode.c.objc; path = PlaceIconViewController.m; sourceTree = "<group>"; };
		2917E95F186A2F2000A46AD7 /* UIColor+customColours.h */ = {isa = PBXFileReference; fileEncoding = 4; lastKnownFileType = sourcecode.c.h; path = "UIColor+customColours.h"; sourceTree = "<group>"; };
		2917E960186A2F2000A46AD7 /* UIColor+customColours.m */ = {isa = PBXFileReference; fileEncoding = 4; lastKnownFileType = sourcecode.c.objc; path = "UIColor+customColours.m"; sourceTree = "<group>"; };
		2917E964186AEA8F00A46AD7 /* MapKit.framework */ = {isa = PBXFileReference; lastKnownFileType = wrapper.framework; name = MapKit.framework; path = System/Library/Frameworks/MapKit.framework; sourceTree = SDKROOT; };
		293FD5D2186B93C000F2CB61 /* GeofencePlace.h */ = {isa = PBXFileReference; fileEncoding = 4; lastKnownFileType = sourcecode.c.h; path = GeofencePlace.h; sourceTree = "<group>"; };
		293FD5D3186B93C000F2CB61 /* GeofencePlace.m */ = {isa = PBXFileReference; fileEncoding = 4; lastKnownFileType = sourcecode.c.objc; path = GeofencePlace.m; sourceTree = "<group>"; };
		293FD5D5186B97C300F2CB61 /* AddressBookUI.framework */ = {isa = PBXFileReference; lastKnownFileType = wrapper.framework; name = AddressBookUI.framework; path = System/Library/Frameworks/AddressBookUI.framework; sourceTree = SDKROOT; };
		293FD5DD186D584500F2CB61 /* AppKeys.h */ = {isa = PBXFileReference; lastKnownFileType = sourcecode.c.h; path = AppKeys.h; sourceTree = "<group>"; };
		293FD5DE186D585300F2CB61 /* AppKeys.m */ = {isa = PBXFileReference; fileEncoding = 4; lastKnownFileType = sourcecode.c.objc; path = AppKeys.m; sourceTree = SOURCE_ROOT; };
		293FD5E3186EB2E900F2CB61 /* CurrentLocation.png */ = {isa = PBXFileReference; lastKnownFileType = image.png; name = CurrentLocation.png; path = Graphics/CurrentLocation.png; sourceTree = "<group>"; };
		298312081840480A00F62170 /* Clockator.app */ = {isa = PBXFileReference; explicitFileType = wrapper.application; includeInIndex = 0; path = Clockator.app; sourceTree = BUILT_PRODUCTS_DIR; };
		2983120B1840480A00F62170 /* Foundation.framework */ = {isa = PBXFileReference; lastKnownFileType = wrapper.framework; name = Foundation.framework; path = System/Library/Frameworks/Foundation.framework; sourceTree = SDKROOT; };
		2983120D1840480A00F62170 /* CoreGraphics.framework */ = {isa = PBXFileReference; lastKnownFileType = wrapper.framework; name = CoreGraphics.framework; path = System/Library/Frameworks/CoreGraphics.framework; sourceTree = SDKROOT; };
		2983120F1840480A00F62170 /* UIKit.framework */ = {isa = PBXFileReference; lastKnownFileType = wrapper.framework; name = UIKit.framework; path = System/Library/Frameworks/UIKit.framework; sourceTree = SDKROOT; };
		298312131840480A00F62170 /* Clockator-Info.plist */ = {isa = PBXFileReference; lastKnownFileType = text.plist.xml; path = "Clockator-Info.plist"; sourceTree = "<group>"; };
		298312151840480A00F62170 /* en */ = {isa = PBXFileReference; lastKnownFileType = text.plist.strings; name = en; path = en.lproj/InfoPlist.strings; sourceTree = "<group>"; };
		298312171840480A00F62170 /* main.m */ = {isa = PBXFileReference; lastKnownFileType = sourcecode.c.objc; path = main.m; sourceTree = "<group>"; };
		298312191840480A00F62170 /* Clockator-Prefix.pch */ = {isa = PBXFileReference; lastKnownFileType = sourcecode.c.h; path = "Clockator-Prefix.pch"; sourceTree = "<group>"; };
		2983121A1840480A00F62170 /* AppDelegate.h */ = {isa = PBXFileReference; lastKnownFileType = sourcecode.c.h; path = AppDelegate.h; sourceTree = "<group>"; };
		2983121B1840480A00F62170 /* AppDelegate.m */ = {isa = PBXFileReference; lastKnownFileType = sourcecode.c.objc; path = AppDelegate.m; sourceTree = "<group>"; };
		2983121E1840480A00F62170 /* Base */ = {isa = PBXFileReference; lastKnownFileType = file.storyboard; name = Base; path = Base.lproj/Main.storyboard; sourceTree = "<group>"; };
		298312201840480A00F62170 /* ClockViewController.h */ = {isa = PBXFileReference; lastKnownFileType = sourcecode.c.h; path = ClockViewController.h; sourceTree = "<group>"; };
		298312211840480A00F62170 /* ClockViewController.m */ = {isa = PBXFileReference; lastKnownFileType = sourcecode.c.objc; path = ClockViewController.m; sourceTree = "<group>"; };
		298312231840480A00F62170 /* Images.xcassets */ = {isa = PBXFileReference; lastKnownFileType = folder.assetcatalog; path = Images.xcassets; sourceTree = "<group>"; };
		298312291840480A00F62170 /* ClockatorTests.xctest */ = {isa = PBXFileReference; explicitFileType = wrapper.cfbundle; includeInIndex = 0; path = ClockatorTests.xctest; sourceTree = BUILT_PRODUCTS_DIR; };
		298312321840480A00F62170 /* ClockatorTests-Info.plist */ = {isa = PBXFileReference; lastKnownFileType = text.plist.xml; path = "ClockatorTests-Info.plist"; sourceTree = "<group>"; };
		298312341840480A00F62170 /* en */ = {isa = PBXFileReference; lastKnownFileType = text.plist.strings; name = en; path = en.lproj/InfoPlist.strings; sourceTree = "<group>"; };
		298312361840480A00F62170 /* ClockatorTests.m */ = {isa = PBXFileReference; lastKnownFileType = sourcecode.c.objc; path = ClockatorTests.m; sourceTree = "<group>"; };
		2983124918404F5200F62170 /* Channel_Slanted1.ttf */ = {isa = PBXFileReference; lastKnownFileType = file; name = Channel_Slanted1.ttf; path = ../Channel_Slanted1.ttf; sourceTree = "<group>"; };
		2983124E18405A3B00F62170 /* Location.h */ = {isa = PBXFileReference; fileEncoding = 4; lastKnownFileType = sourcecode.c.h; path = Location.h; sourceTree = "<group>"; };
		2983124F18405A3B00F62170 /* Location.m */ = {isa = PBXFileReference; fileEncoding = 4; lastKnownFileType = sourcecode.c.objc; path = Location.m; sourceTree = "<group>"; };
		2983125118405B4D00F62170 /* libsqlite3.0.dylib */ = {isa = PBXFileReference; lastKnownFileType = "compiled.mach-o.dylib"; name = libsqlite3.0.dylib; path = usr/lib/libsqlite3.0.dylib; sourceTree = SDKROOT; };
		2983125318405D7C00F62170 /* Clockator.sqlite */ = {isa = PBXFileReference; lastKnownFileType = file; path = Clockator.sqlite; sourceTree = SOURCE_ROOT; };
		298312591840667F00F62170 /* Friend.h */ = {isa = PBXFileReference; fileEncoding = 4; lastKnownFileType = sourcecode.c.h; path = Friend.h; sourceTree = "<group>"; };
		2983125A1840667F00F62170 /* Friend.m */ = {isa = PBXFileReference; fileEncoding = 4; lastKnownFileType = sourcecode.c.objc; path = Friend.m; sourceTree = "<group>"; };
		2983125C1840820000F62170 /* circle.png */ = {isa = PBXFileReference; lastKnownFileType = image.png; name = circle.png; path = Graphics/circle.png; sourceTree = "<group>"; };
		2983125D1840820000F62170 /* hand.png */ = {isa = PBXFileReference; lastKnownFileType = image.png; name = hand.png; path = Graphics/hand.png; sourceTree = "<group>"; };
		298312601843210900F62170 /* Parse.framework */ = {isa = PBXFileReference; lastKnownFileType = wrapper.framework; path = Parse.framework; sourceTree = "<group>"; };
		298312621843215600F62170 /* AudioToolbox.framework */ = {isa = PBXFileReference; lastKnownFileType = wrapper.framework; name = AudioToolbox.framework; path = System/Library/Frameworks/AudioToolbox.framework; sourceTree = SDKROOT; };
		298312641843215B00F62170 /* CFNetwork.framework */ = {isa = PBXFileReference; lastKnownFileType = wrapper.framework; name = CFNetwork.framework; path = System/Library/Frameworks/CFNetwork.framework; sourceTree = SDKROOT; };
		298312661843216700F62170 /* CoreLocation.framework */ = {isa = PBXFileReference; lastKnownFileType = wrapper.framework; name = CoreLocation.framework; path = System/Library/Frameworks/CoreLocation.framework; sourceTree = SDKROOT; };
		298312681843216E00F62170 /* libz.1.1.3.dylib */ = {isa = PBXFileReference; lastKnownFileType = "compiled.mach-o.dylib"; name = libz.1.1.3.dylib; path = usr/lib/libz.1.1.3.dylib; sourceTree = SDKROOT; };
		2983126A1843217400F62170 /* MobileCoreServices.framework */ = {isa = PBXFileReference; lastKnownFileType = wrapper.framework; name = MobileCoreServices.framework; path = System/Library/Frameworks/MobileCoreServices.framework; sourceTree = SDKROOT; };
		2983126C1843217A00F62170 /* QuartzCore.framework */ = {isa = PBXFileReference; lastKnownFileType = wrapper.framework; name = QuartzCore.framework; path = System/Library/Frameworks/QuartzCore.framework; sourceTree = SDKROOT; };
		2983126E1843217F00F62170 /* Security.framework */ = {isa = PBXFileReference; lastKnownFileType = wrapper.framework; name = Security.framework; path = System/Library/Frameworks/Security.framework; sourceTree = SDKROOT; };
		298312701843218400F62170 /* StoreKit.framework */ = {isa = PBXFileReference; lastKnownFileType = wrapper.framework; name = StoreKit.framework; path = System/Library/Frameworks/StoreKit.framework; sourceTree = SDKROOT; };
		298312721843218C00F62170 /* SystemConfiguration.framework */ = {isa = PBXFileReference; lastKnownFileType = wrapper.framework; name = SystemConfiguration.framework; path = System/Library/Frameworks/SystemConfiguration.framework; sourceTree = SDKROOT; };
		29831274184439E900F62170 /* FacebookSDK.framework */ = {isa = PBXFileReference; lastKnownFileType = wrapper.framework; name = FacebookSDK.framework; path = ../../Documents/FacebookSDK/FacebookSDK.framework; sourceTree = "<group>"; };
		2983129A184441D600F62170 /* libz.dylib */ = {isa = PBXFileReference; lastKnownFileType = "compiled.mach-o.dylib"; name = libz.dylib; path = usr/lib/libz.dylib; sourceTree = SDKROOT; };
		29921BC918662B1500443362 /* FBFindFriendsController.h */ = {isa = PBXFileReference; fileEncoding = 4; lastKnownFileType = sourcecode.c.h; path = FBFindFriendsController.h; sourceTree = "<group>"; };
		29921BCA18662B1600443362 /* FBFindFriendsController.m */ = {isa = PBXFileReference; fileEncoding = 4; lastKnownFileType = sourcecode.c.objc; path = FBFindFriendsController.m; sourceTree = "<group>"; };
		29B8F34718717A690066950A /* LoginViewController.h */ = {isa = PBXFileReference; fileEncoding = 4; lastKnownFileType = sourcecode.c.h; path = LoginViewController.h; sourceTree = "<group>"; };
		29B8F34818717A690066950A /* LoginViewController.m */ = {isa = PBXFileReference; fileEncoding = 4; lastKnownFileType = sourcecode.c.objc; path = LoginViewController.m; sourceTree = "<group>"; };
		29B8F34A18717A7C0066950A /* UserInfoViewController.h */ = {isa = PBXFileReference; fileEncoding = 4; lastKnownFileType = sourcecode.c.h; path = UserInfoViewController.h; sourceTree = "<group>"; };
		29B8F34B18717A7C0066950A /* UserInfoViewController.m */ = {isa = PBXFileReference; fileEncoding = 4; lastKnownFileType = sourcecode.c.objc; path = UserInfoViewController.m; sourceTree = "<group>"; };
/* End PBXFileReference section */

/* Begin PBXFrameworksBuildPhase section */
		298312051840480A00F62170 /* Frameworks */ = {
			isa = PBXFrameworksBuildPhase;
			buildActionMask = 2147483647;
			files = (
				293FD5D6186B97C300F2CB61 /* AddressBookUI.framework in Frameworks */,
				2917E965186AEA8F00A46AD7 /* MapKit.framework in Frameworks */,
				298312671843216700F62170 /* CoreLocation.framework in Frameworks */,
				2983129B184441D600F62170 /* libz.dylib in Frameworks */,
				298312731843218C00F62170 /* SystemConfiguration.framework in Frameworks */,
				298312711843218400F62170 /* StoreKit.framework in Frameworks */,
				2983126F1843217F00F62170 /* Security.framework in Frameworks */,
				2983126D1843217A00F62170 /* QuartzCore.framework in Frameworks */,
				2983126B1843217400F62170 /* MobileCoreServices.framework in Frameworks */,
				298312691843216E00F62170 /* libz.1.1.3.dylib in Frameworks */,
				2983120E1840480A00F62170 /* CoreGraphics.framework in Frameworks */,
				298312651843215B00F62170 /* CFNetwork.framework in Frameworks */,
				298312631843215600F62170 /* AudioToolbox.framework in Frameworks */,
				2983125218405B4D00F62170 /* libsqlite3.0.dylib in Frameworks */,
				29831275184439E900F62170 /* FacebookSDK.framework in Frameworks */,
				298312101840480A00F62170 /* UIKit.framework in Frameworks */,
				2983120C1840480A00F62170 /* Foundation.framework in Frameworks */,
				298312611843210900F62170 /* Parse.framework in Frameworks */,
			);
			runOnlyForDeploymentPostprocessing = 0;
		};
		298312261840480A00F62170 /* Frameworks */ = {
			isa = PBXFrameworksBuildPhase;
			buildActionMask = 2147483647;
			files = (
				2983122D1840480A00F62170 /* UIKit.framework in Frameworks */,
				2983122C1840480A00F62170 /* Foundation.framework in Frameworks */,
			);
			runOnlyForDeploymentPostprocessing = 0;
		};
/* End PBXFrameworksBuildPhase section */

/* Begin PBXGroup section */
		298311FF1840480A00F62170 = {
			isa = PBXGroup;
			children = (
				2912531F18703BA3001A77C6 /* marathon.gpx */,
				298312111840480A00F62170 /* Clockator */,
				298312301840480A00F62170 /* ClockatorTests */,
				2983120A1840480A00F62170 /* Frameworks */,
				298312091840480A00F62170 /* Products */,
			);
			sourceTree = "<group>";
		};
		298312091840480A00F62170 /* Products */ = {
			isa = PBXGroup;
			children = (
				298312081840480A00F62170 /* Clockator.app */,
				298312291840480A00F62170 /* ClockatorTests.xctest */,
			);
			name = Products;
			sourceTree = "<group>";
		};
		2983120A1840480A00F62170 /* Frameworks */ = {
			isa = PBXGroup;
			children = (
				293FD5D5186B97C300F2CB61 /* AddressBookUI.framework */,
				2917E964186AEA8F00A46AD7 /* MapKit.framework */,
				2983129A184441D600F62170 /* libz.dylib */,
				29831274184439E900F62170 /* FacebookSDK.framework */,
				298312721843218C00F62170 /* SystemConfiguration.framework */,
				298312701843218400F62170 /* StoreKit.framework */,
				2983126E1843217F00F62170 /* Security.framework */,
				2983126C1843217A00F62170 /* QuartzCore.framework */,
				2983126A1843217400F62170 /* MobileCoreServices.framework */,
				298312681843216E00F62170 /* libz.1.1.3.dylib */,
				298312661843216700F62170 /* CoreLocation.framework */,
				298312641843215B00F62170 /* CFNetwork.framework */,
				298312621843215600F62170 /* AudioToolbox.framework */,
				298312601843210900F62170 /* Parse.framework */,
				2983125118405B4D00F62170 /* libsqlite3.0.dylib */,
				2983120B1840480A00F62170 /* Foundation.framework */,
				2983120D1840480A00F62170 /* CoreGraphics.framework */,
				2983120F1840480A00F62170 /* UIKit.framework */,
			);
			name = Frameworks;
			sourceTree = "<group>";
		};
		298312111840480A00F62170 /* Clockator */ = {
			isa = PBXGroup;
			children = (
				2917E95F186A2F2000A46AD7 /* UIColor+customColours.h */,
				2917E960186A2F2000A46AD7 /* UIColor+customColours.m */,
				2983121D1840480A00F62170 /* Main.storyboard */,
				2983121A1840480A00F62170 /* AppDelegate.h */,
				2983121B1840480A00F62170 /* AppDelegate.m */,
				293FD5DD186D584500F2CB61 /* AppKeys.h */,
				293FD5DE186D585300F2CB61 /* AppKeys.m */,
				2983129F184449E800F62170 /* Controllers */,
				298312A118444A1200F62170 /* Models */,
				298312A0184449FD00F62170 /* Assets */,
				298312231840480A00F62170 /* Images.xcassets */,
				298312121840480A00F62170 /* Supporting Files */,
			);
			path = Clockator;
			sourceTree = "<group>";
		};
		298312121840480A00F62170 /* Supporting Files */ = {
			isa = PBXGroup;
			children = (
				298312131840480A00F62170 /* Clockator-Info.plist */,
				298312141840480A00F62170 /* InfoPlist.strings */,
				298312171840480A00F62170 /* main.m */,
				298312191840480A00F62170 /* Clockator-Prefix.pch */,
			);
			name = "Supporting Files";
			sourceTree = "<group>";
		};
		298312301840480A00F62170 /* ClockatorTests */ = {
			isa = PBXGroup;
			children = (
				298312361840480A00F62170 /* ClockatorTests.m */,
				298312311840480A00F62170 /* Supporting Files */,
			);
			path = ClockatorTests;
			sourceTree = "<group>";
		};
		298312311840480A00F62170 /* Supporting Files */ = {
			isa = PBXGroup;
			children = (
				298312321840480A00F62170 /* ClockatorTests-Info.plist */,
				298312331840480A00F62170 /* InfoPlist.strings */,
			);
			name = "Supporting Files";
			sourceTree = "<group>";
		};
		2983129F184449E800F62170 /* Controllers */ = {
			isa = PBXGroup;
			children = (
				29B8F34718717A690066950A /* LoginViewController.h */,
				29B8F34818717A690066950A /* LoginViewController.m */,
				29B8F34A18717A7C0066950A /* UserInfoViewController.h */,
				29B8F34B18717A7C0066950A /* UserInfoViewController.m */,
				298312201840480A00F62170 /* ClockViewController.h */,
				298312211840480A00F62170 /* ClockViewController.m */,
				2917E8F41868052900A46AD7 /* SettingsViewController.h */,
				2917E8F51868052900A46AD7 /* SettingsViewController.m */,
				2917E94C1869291E00A46AD7 /* GeofenceViewController.h */,
				2917E94D1869291E00A46AD7 /* GeofenceViewController.m */,
				2917E95C18697D7600A46AD7 /* PlaceIconViewController.h */,
				2917E95D18697D7600A46AD7 /* PlaceIconViewController.m */,
				29921BC918662B1500443362 /* FBFindFriendsController.h */,
				29921BCA18662B1600443362 /* FBFindFriendsController.m */,
			);
			name = Controllers;
			sourceTree = "<group>";
		};
		298312A0184449FD00F62170 /* Assets */ = {
			isa = PBXGroup;
			children = (
				293FD5E3186EB2E900F2CB61 /* CurrentLocation.png */,
				2917E95218696E1700A46AD7 /* Bar.png */,
				2917E95318696E1700A46AD7 /* Home.png */,
				2917E95418696E1700A46AD7 /* Other.png */,
				2917E95518696E1700A46AD7 /* School.png */,
				2917E95618696E1700A46AD7 /* Work.png */,
				2983124918404F5200F62170 /* Channel_Slanted1.ttf */,
				2983125318405D7C00F62170 /* Clockator.sqlite */,
				2983125C1840820000F62170 /* circle.png */,
				2983125D1840820000F62170 /* hand.png */,
			);
			name = Assets;
			sourceTree = "<group>";
		};
		298312A118444A1200F62170 /* Models */ = {
			isa = PBXGroup;
			children = (
				293FD5D2186B93C000F2CB61 /* GeofencePlace.h */,
				293FD5D3186B93C000F2CB61 /* GeofencePlace.m */,
				2917E94F1869689100A46AD7 /* Place.h */,
				2917E9501869689100A46AD7 /* Place.m */,
				298312591840667F00F62170 /* Friend.h */,
				2983125A1840667F00F62170 /* Friend.m */,
				2983124E18405A3B00F62170 /* Location.h */,
				2983124F18405A3B00F62170 /* Location.m */,
			);
			name = Models;
			sourceTree = "<group>";
		};
/* End PBXGroup section */

/* Begin PBXNativeTarget section */
		298312071840480A00F62170 /* Clockator */ = {
			isa = PBXNativeTarget;
			buildConfigurationList = 2983123A1840480A00F62170 /* Build configuration list for PBXNativeTarget "Clockator" */;
			buildPhases = (
				298312041840480A00F62170 /* Sources */,
				298312051840480A00F62170 /* Frameworks */,
				298312061840480A00F62170 /* Resources */,
			);
			buildRules = (
			);
			dependencies = (
			);
			name = Clockator;
			productName = Clockator;
			productReference = 298312081840480A00F62170 /* Clockator.app */;
			productType = "com.apple.product-type.application";
		};
		298312281840480A00F62170 /* ClockatorTests */ = {
			isa = PBXNativeTarget;
			buildConfigurationList = 2983123D1840480A00F62170 /* Build configuration list for PBXNativeTarget "ClockatorTests" */;
			buildPhases = (
				298312251840480A00F62170 /* Sources */,
				298312261840480A00F62170 /* Frameworks */,
				298312271840480A00F62170 /* Resources */,
			);
			buildRules = (
			);
			dependencies = (
				2983122F1840480A00F62170 /* PBXTargetDependency */,
			);
			name = ClockatorTests;
			productName = ClockatorTests;
			productReference = 298312291840480A00F62170 /* ClockatorTests.xctest */;
			productType = "com.apple.product-type.bundle.unit-test";
		};
/* End PBXNativeTarget section */

/* Begin PBXProject section */
		298312001840480A00F62170 /* Project object */ = {
			isa = PBXProject;
			attributes = {
				LastUpgradeCheck = 0500;
				ORGANIZATIONNAME = "Sabrina Ren";
				TargetAttributes = {
					298312281840480A00F62170 = {
						TestTargetID = 298312071840480A00F62170;
					};
				};
			};
			buildConfigurationList = 298312031840480A00F62170 /* Build configuration list for PBXProject "Clockator" */;
			compatibilityVersion = "Xcode 3.2";
			developmentRegion = English;
			hasScannedForEncodings = 0;
			knownRegions = (
				en,
				Base,
			);
			mainGroup = 298311FF1840480A00F62170;
			productRefGroup = 298312091840480A00F62170 /* Products */;
			projectDirPath = "";
			projectRoot = "";
			targets = (
				298312071840480A00F62170 /* Clockator */,
				298312281840480A00F62170 /* ClockatorTests */,
			);
		};
/* End PBXProject section */

/* Begin PBXResourcesBuildPhase section */
		298312061840480A00F62170 /* Resources */ = {
			isa = PBXResourcesBuildPhase;
			buildActionMask = 2147483647;
			files = (
				2917E95A18696E1700A46AD7 /* School.png in Resources */,
				293FD5E4186EB2E900F2CB61 /* CurrentLocation.png in Resources */,
				2917E95818696E1700A46AD7 /* Home.png in Resources */,
				2983124A18404F5200F62170 /* Channel_Slanted1.ttf in Resources */,
				298312241840480A00F62170 /* Images.xcassets in Resources */,
				298312161840480A00F62170 /* InfoPlist.strings in Resources */,
				2983125E1840820000F62170 /* circle.png in Resources */,
				2917E95B18696E1700A46AD7 /* Work.png in Resources */,
				2983125F1840820000F62170 /* hand.png in Resources */,
				2917E95918696E1700A46AD7 /* Other.png in Resources */,
				2983125418405D7C00F62170 /* Clockator.sqlite in Resources */,
				2983121F1840480A00F62170 /* Main.storyboard in Resources */,
				2917E95718696E1700A46AD7 /* Bar.png in Resources */,
				2912532018703BA3001A77C6 /* marathon.gpx in Resources */,
			);
			runOnlyForDeploymentPostprocessing = 0;
		};
		298312271840480A00F62170 /* Resources */ = {
			isa = PBXResourcesBuildPhase;
			buildActionMask = 2147483647;
			files = (
				2983124B18404F8800F62170 /* Channel_Slanted1.ttf in Resources */,
				298312351840480A00F62170 /* InfoPlist.strings in Resources */,
			);
			runOnlyForDeploymentPostprocessing = 0;
		};
/* End PBXResourcesBuildPhase section */

/* Begin PBXSourcesBuildPhase section */
		298312041840480A00F62170 /* Sources */ = {
			isa = PBXSourcesBuildPhase;
			buildActionMask = 2147483647;
			files = (
				293FD5D4186B93C000F2CB61 /* GeofencePlace.m in Sources */,
				298312221840480A00F62170 /* ClockViewController.m in Sources */,
				29921BCB18662B1600443362 /* FBFindFriendsController.m in Sources */,
				2917E95E18697D7600A46AD7 /* PlaceIconViewController.m in Sources */,
				29B8F34918717A690066950A /* LoginViewController.m in Sources */,
				29B8F34C18717A7C0066950A /* UserInfoViewController.m in Sources */,
				2917E9511869689100A46AD7 /* Place.m in Sources */,
				2917E94E1869291E00A46AD7 /* GeofenceViewController.m in Sources */,
				2983125018405A3B00F62170 /* Location.m in Sources */,
				2983121C1840480A00F62170 /* AppDelegate.m in Sources */,
				2917E961186A2F2000A46AD7 /* UIColor+customColours.m in Sources */,
				2983125B1840667F00F62170 /* Friend.m in Sources */,
				2917E8F61868052900A46AD7 /* SettingsViewController.m in Sources */,
				293FD5DF186D585300F2CB61 /* AppKeys.m in Sources */,
				298312181840480A00F62170 /* main.m in Sources */,
			);
			runOnlyForDeploymentPostprocessing = 0;
		};
		298312251840480A00F62170 /* Sources */ = {
			isa = PBXSourcesBuildPhase;
			buildActionMask = 2147483647;
			files = (
				298312371840480A00F62170 /* ClockatorTests.m in Sources */,
			);
			runOnlyForDeploymentPostprocessing = 0;
		};
/* End PBXSourcesBuildPhase section */

/* Begin PBXTargetDependency section */
		2983122F1840480A00F62170 /* PBXTargetDependency */ = {
			isa = PBXTargetDependency;
			target = 298312071840480A00F62170 /* Clockator */;
			targetProxy = 2983122E1840480A00F62170 /* PBXContainerItemProxy */;
		};
/* End PBXTargetDependency section */

/* Begin PBXVariantGroup section */
		298312141840480A00F62170 /* InfoPlist.strings */ = {
			isa = PBXVariantGroup;
			children = (
				298312151840480A00F62170 /* en */,
			);
			name = InfoPlist.strings;
			sourceTree = "<group>";
		};
		2983121D1840480A00F62170 /* Main.storyboard */ = {
			isa = PBXVariantGroup;
			children = (
				2983121E1840480A00F62170 /* Base */,
			);
			name = Main.storyboard;
			sourceTree = "<group>";
		};
		298312331840480A00F62170 /* InfoPlist.strings */ = {
			isa = PBXVariantGroup;
			children = (
				298312341840480A00F62170 /* en */,
			);
			name = InfoPlist.strings;
			sourceTree = "<group>";
		};
/* End PBXVariantGroup section */

/* Begin XCBuildConfiguration section */
		298312381840480A00F62170 /* Debug */ = {
			isa = XCBuildConfiguration;
			buildSettings = {
				ALWAYS_SEARCH_USER_PATHS = NO;
				ARCHS = "$(ARCHS_STANDARD_INCLUDING_64_BIT)";
				CLANG_CXX_LANGUAGE_STANDARD = "gnu++0x";
				CLANG_CXX_LIBRARY = "libc++";
				CLANG_ENABLE_MODULES = YES;
				CLANG_ENABLE_OBJC_ARC = YES;
				CLANG_WARN_BOOL_CONVERSION = YES;
				CLANG_WARN_CONSTANT_CONVERSION = YES;
				CLANG_WARN_DIRECT_OBJC_ISA_USAGE = YES_ERROR;
				CLANG_WARN_EMPTY_BODY = YES;
				CLANG_WARN_ENUM_CONVERSION = YES;
				CLANG_WARN_INT_CONVERSION = YES;
				CLANG_WARN_OBJC_ROOT_CLASS = YES_ERROR;
				CLANG_WARN__DUPLICATE_METHOD_MATCH = YES;
				"CODE_SIGN_IDENTITY[sdk=iphoneos*]" = "iPhone Developer";
				COPY_PHASE_STRIP = NO;
				GCC_C_LANGUAGE_STANDARD = gnu99;
				GCC_DYNAMIC_NO_PIC = NO;
				GCC_OPTIMIZATION_LEVEL = 0;
				GCC_PREPROCESSOR_DEFINITIONS = (
					"DEBUG=1",
					"$(inherited)",
				);
				GCC_SYMBOLS_PRIVATE_EXTERN = NO;
				GCC_WARN_64_TO_32_BIT_CONVERSION = YES;
				GCC_WARN_ABOUT_RETURN_TYPE = YES_ERROR;
				GCC_WARN_UNDECLARED_SELECTOR = YES;
				GCC_WARN_UNINITIALIZED_AUTOS = YES;
				GCC_WARN_UNUSED_FUNCTION = YES;
				GCC_WARN_UNUSED_VARIABLE = YES;
				IPHONEOS_DEPLOYMENT_TARGET = 7.0;
				ONLY_ACTIVE_ARCH = YES;
				SDKROOT = iphoneos;
			};
			name = Debug;
		};
		298312391840480A00F62170 /* Release */ = {
			isa = XCBuildConfiguration;
			buildSettings = {
				ALWAYS_SEARCH_USER_PATHS = NO;
				ARCHS = "$(ARCHS_STANDARD_INCLUDING_64_BIT)";
				CLANG_CXX_LANGUAGE_STANDARD = "gnu++0x";
				CLANG_CXX_LIBRARY = "libc++";
				CLANG_ENABLE_MODULES = YES;
				CLANG_ENABLE_OBJC_ARC = YES;
				CLANG_WARN_BOOL_CONVERSION = YES;
				CLANG_WARN_CONSTANT_CONVERSION = YES;
				CLANG_WARN_DIRECT_OBJC_ISA_USAGE = YES_ERROR;
				CLANG_WARN_EMPTY_BODY = YES;
				CLANG_WARN_ENUM_CONVERSION = YES;
				CLANG_WARN_INT_CONVERSION = YES;
				CLANG_WARN_OBJC_ROOT_CLASS = YES_ERROR;
				CLANG_WARN__DUPLICATE_METHOD_MATCH = YES;
				"CODE_SIGN_IDENTITY[sdk=iphoneos*]" = "iPhone Developer";
				COPY_PHASE_STRIP = YES;
				ENABLE_NS_ASSERTIONS = NO;
				GCC_C_LANGUAGE_STANDARD = gnu99;
				GCC_WARN_64_TO_32_BIT_CONVERSION = YES;
				GCC_WARN_ABOUT_RETURN_TYPE = YES_ERROR;
				GCC_WARN_UNDECLARED_SELECTOR = YES;
				GCC_WARN_UNINITIALIZED_AUTOS = YES;
				GCC_WARN_UNUSED_FUNCTION = YES;
				GCC_WARN_UNUSED_VARIABLE = YES;
				IPHONEOS_DEPLOYMENT_TARGET = 7.0;
				SDKROOT = iphoneos;
				VALIDATE_PRODUCT = YES;
			};
			name = Release;
		};
		2983123B1840480A00F62170 /* Debug */ = {
			isa = XCBuildConfiguration;
			buildSettings = {
				ASSETCATALOG_COMPILER_APPICON_NAME = AppIcon;
				ASSETCATALOG_COMPILER_LAUNCHIMAGE_NAME = LaunchImage;
				FRAMEWORK_SEARCH_PATHS = (
					"$(inherited)",
					/Users/sabrinaren/Desktop/Clockator,
					/Users/sabrinaren/Documents/FacebookSDK,
				);
				GCC_PRECOMPILE_PREFIX_HEADER = YES;
				GCC_PREFIX_HEADER = "Clockator/Clockator-Prefix.pch";
				INFOPLIST_FILE = "Clockator/Clockator-Info.plist";
				PRODUCT_NAME = "$(TARGET_NAME)";
				WRAPPER_EXTENSION = app;
			};
			name = Debug;
		};
		2983123C1840480A00F62170 /* Release */ = {
			isa = XCBuildConfiguration;
			buildSettings = {
				ASSETCATALOG_COMPILER_APPICON_NAME = AppIcon;
				ASSETCATALOG_COMPILER_LAUNCHIMAGE_NAME = LaunchImage;
				FRAMEWORK_SEARCH_PATHS = (
					"$(inherited)",
					/Users/sabrinaren/Desktop/Clockator,
					/Users/sabrinaren/Documents/FacebookSDK,
				);
				GCC_PRECOMPILE_PREFIX_HEADER = YES;
				GCC_PREFIX_HEADER = "Clockator/Clockator-Prefix.pch";
				INFOPLIST_FILE = "Clockator/Clockator-Info.plist";
				PRODUCT_NAME = "$(TARGET_NAME)";
				WRAPPER_EXTENSION = app;
			};
			name = Release;
		};
		2983123E1840480A00F62170 /* Debug */ = {
			isa = XCBuildConfiguration;
			buildSettings = {
				ARCHS = "$(ARCHS_STANDARD_INCLUDING_64_BIT)";
				BUNDLE_LOADER = "$(BUILT_PRODUCTS_DIR)/Clockator.app/Clockator";
				FRAMEWORK_SEARCH_PATHS = (
					"$(SDKROOT)/Developer/Library/Frameworks",
					"$(inherited)",
					"$(DEVELOPER_FRAMEWORKS_DIR)",
				);
				GCC_PRECOMPILE_PREFIX_HEADER = YES;
				GCC_PREFIX_HEADER = "Clockator/Clockator-Prefix.pch";
				GCC_PREPROCESSOR_DEFINITIONS = (
					"DEBUG=1",
					"$(inherited)",
				);
				INFOPLIST_FILE = "ClockatorTests/ClockatorTests-Info.plist";
				PRODUCT_NAME = "$(TARGET_NAME)";
				TEST_HOST = "$(BUNDLE_LOADER)";
				WRAPPER_EXTENSION = xctest;
			};
			name = Debug;
		};
		2983123F1840480A00F62170 /* Release */ = {
			isa = XCBuildConfiguration;
			buildSettings = {
				ARCHS = "$(ARCHS_STANDARD_INCLUDING_64_BIT)";
				BUNDLE_LOADER = "$(BUILT_PRODUCTS_DIR)/Clockator.app/Clockator";
				FRAMEWORK_SEARCH_PATHS = (
					"$(SDKROOT)/Developer/Library/Frameworks",
					"$(inherited)",
					"$(DEVELOPER_FRAMEWORKS_DIR)",
				);
				GCC_PRECOMPILE_PREFIX_HEADER = YES;
				GCC_PREFIX_HEADER = "Clockator/Clockator-Prefix.pch";
				INFOPLIST_FILE = "ClockatorTests/ClockatorTests-Info.plist";
				PRODUCT_NAME = "$(TARGET_NAME)";
				TEST_HOST = "$(BUNDLE_LOADER)";
				WRAPPER_EXTENSION = xctest;
			};
			name = Release;
		};
/* End XCBuildConfiguration section */

/* Begin XCConfigurationList section */
		298312031840480A00F62170 /* Build configuration list for PBXProject "Clockator" */ = {
			isa = XCConfigurationList;
			buildConfigurations = (
				298312381840480A00F62170 /* Debug */,
				298312391840480A00F62170 /* Release */,
			);
			defaultConfigurationIsVisible = 0;
			defaultConfigurationName = Release;
		};
		2983123A1840480A00F62170 /* Build configuration list for PBXNativeTarget "Clockator" */ = {
			isa = XCConfigurationList;
			buildConfigurations = (
				2983123B1840480A00F62170 /* Debug */,
				2983123C1840480A00F62170 /* Release */,
			);
			defaultConfigurationIsVisible = 0;
			defaultConfigurationName = Release;
		};
		2983123D1840480A00F62170 /* Build configuration list for PBXNativeTarget "ClockatorTests" */ = {
			isa = XCConfigurationList;
			buildConfigurations = (
				2983123E1840480A00F62170 /* Debug */,
				2983123F1840480A00F62170 /* Release */,
			);
			defaultConfigurationIsVisible = 0;
			defaultConfigurationName = Release;
		};
/* End XCConfigurationList section */
	};
	rootObject = 298312001840480A00F62170 /* Project object */;
}
